
Microsoft Visual Studio Solution File, Format Version 12.00
# Visual Studio Version 17
VisualStudioVersion = 17.5.002.0
MinimumVisualStudioVersion = 10.0.40219.1
Project("{2150E333-8FDC-42A3-9474-1A3956D46DE8}") = "c#", "c#", "{5B578970-BC6E-4D9F-81CC-9642365E13D8}"
EndProject
Project("{2150E333-8FDC-42A3-9474-1A3956D46DE8}") = "projects", "projects", "{EB192971-0085-405E-8037-113E9913FEB4}"
EndProject
Project("{9A19103F-16F7-4668-BE54-9A1E7A4F7556}") = "HelloWorld", "c#\projects\HelloWorld\HelloWorld.csproj", "{3F1CDF29-1AFF-4F85-B649-0AF1D6D4CAF2}"
EndProject
Project("{9A19103F-16F7-4668-BE54-9A1E7A4F7556}") = "Lab0", "c#\projects\Lab0\Lab0.csproj", "{A879F6EF-C471-4832-94AE-82F1AC549EAA}"
EndProject
Global
	GlobalSection(SolutionConfigurationPlatforms) = preSolution
		Debug|Any CPU = Debug|Any CPU
		Release|Any CPU = Release|Any CPU
	EndGlobalSection
	GlobalSection(ProjectConfigurationPlatforms) = postSolution
		{3F1CDF29-1AFF-4F85-B649-0AF1D6D4CAF2}.Debug|Any CPU.ActiveCfg = Debug|Any CPU
		{3F1CDF29-1AFF-4F85-B649-0AF1D6D4CAF2}.Debug|Any CPU.Build.0 = Debug|Any CPU
		{3F1CDF29-1AFF-4F85-B649-0AF1D6D4CAF2}.Release|Any CPU.ActiveCfg = Release|Any CPU
		{3F1CDF29-1AFF-4F85-B649-0AF1D6D4CAF2}.Release|Any CPU.Build.0 = Release|Any CPU
		{A879F6EF-C471-4832-94AE-82F1AC549EAA}.Debug|Any CPU.ActiveCfg = Debug|Any CPU
		{A879F6EF-C471-4832-94AE-82F1AC549EAA}.Debug|Any CPU.Build.0 = Debug|Any CPU
		{A879F6EF-C471-4832-94AE-82F1AC549EAA}.Release|Any CPU.ActiveCfg = Release|Any CPU
		{A879F6EF-C471-4832-94AE-82F1AC549EAA}.Release|Any CPU.Build.0 = Release|Any CPU
	EndGlobalSection
	GlobalSection(SolutionProperties) = preSolution
		HideSolutionNode = FALSE
	EndGlobalSection
	GlobalSection(NestedProjects) = preSolution
		{EB192971-0085-405E-8037-113E9913FEB4} = {5B578970-BC6E-4D9F-81CC-9642365E13D8}
		{3F1CDF29-1AFF-4F85-B649-0AF1D6D4CAF2} = {EB192971-0085-405E-8037-113E9913FEB4}
		{A879F6EF-C471-4832-94AE-82F1AC549EAA} = {EB192971-0085-405E-8037-113E9913FEB4}
	EndGlobalSection
	GlobalSection(ExtensibilityGlobals) = postSolution
		SolutionGuid = {309BD199-EAA7-4DE6-9459-C98706C9641F}
	EndGlobalSection
EndGlobal
