
Microsoft Visual Studio Solution File, Format Version 12.00
# Visual Studio Version 17
VisualStudioVersion = 17.5.002.0
MinimumVisualStudioVersion = 10.0.40219.1
Project("{2150E333-8FDC-42A3-9474-1A3956D46DE8}") = "projects", "projects", "{40DECE05-253C-41A6-8EBC-8916CE5E8294}"
EndProject
Project("{9A19103F-16F7-4668-BE54-9A1E7A4F7556}") = "HelloWorld", "projects\HelloWorld\HelloWorld.csproj", "{26E7B007-485A-4A26-B75A-88BEAD992CF6}"
EndProject
Project("{9A19103F-16F7-4668-BE54-9A1E7A4F7556}") = "Lab0", "projects\Lab0\Lab0.csproj", "{7C7A5F1B-F41C-4BEF-99D2-059188BD0DFA}"
EndProject
Global
	GlobalSection(SolutionConfigurationPlatforms) = preSolution
		Debug|Any CPU = Debug|Any CPU
		Release|Any CPU = Release|Any CPU
	EndGlobalSection
	GlobalSection(ProjectConfigurationPlatforms) = postSolution
		{26E7B007-485A-4A26-B75A-88BEAD992CF6}.Debug|Any CPU.ActiveCfg = Debug|Any CPU
		{26E7B007-485A-4A26-B75A-88BEAD992CF6}.Debug|Any CPU.Build.0 = Debug|Any CPU
		{26E7B007-485A-4A26-B75A-88BEAD992CF6}.Release|Any CPU.ActiveCfg = Release|Any CPU
		{26E7B007-485A-4A26-B75A-88BEAD992CF6}.Release|Any CPU.Build.0 = Release|Any CPU
		{7C7A5F1B-F41C-4BEF-99D2-059188BD0DFA}.Debug|Any CPU.ActiveCfg = Debug|Any CPU
		{7C7A5F1B-F41C-4BEF-99D2-059188BD0DFA}.Debug|Any CPU.Build.0 = Debug|Any CPU
		{7C7A5F1B-F41C-4BEF-99D2-059188BD0DFA}.Release|Any CPU.ActiveCfg = Release|Any CPU
		{7C7A5F1B-F41C-4BEF-99D2-059188BD0DFA}.Release|Any CPU.Build.0 = Release|Any CPU
	EndGlobalSection
	GlobalSection(SolutionProperties) = preSolution
		HideSolutionNode = FALSE
	EndGlobalSection
	GlobalSection(NestedProjects) = preSolution
		{26E7B007-485A-4A26-B75A-88BEAD992CF6} = {40DECE05-253C-41A6-8EBC-8916CE5E8294}
		{7C7A5F1B-F41C-4BEF-99D2-059188BD0DFA} = {40DECE05-253C-41A6-8EBC-8916CE5E8294}
	EndGlobalSection
	GlobalSection(ExtensibilityGlobals) = postSolution
		SolutionGuid = {54BF92E6-1570-464E-8FA8-B04A6A675D47}
	EndGlobalSection
EndGlobal
